<?xml version="1.0" encoding="UTF-8" standalone="yes" ?>
<CodeBlocks_project_file>
	<FileVersion major="1" minor="6" />
	<Project>
		<Option title="NDHA" />
		<Option pch_mode="2" />
		<Option compiler="gcc" />
		<Build>
			<Target title="Debug">
				<Option output="bin/Debug/NDHA" prefix_auto="1" extension_auto="1" />
				<Option object_output="obj/Debug/" />
				<Option type="1" />
				<Option compiler="gcc" />
				<Compiler>
					<Add option="-g" />
					<Add directory="include" />
				</Compiler>
			</Target>
			<Target title="Release">
				<Option output="bin/Release/NDHA" prefix_auto="1" extension_auto="1" />
				<Option object_output="obj/Release/" />
				<Option type="1" />
				<Option compiler="gcc" />
				<Compiler>
					<Add option="-O2" />
					<Add directory="include" />
				</Compiler>
				<Linker>
					<Add option="-s" />
				</Linker>
			</Target>
		</Build>
		<Compiler>
			<Add option="-Wall" />
			<Add option="-fexceptions" />
		</Compiler>
		<Unit filename="include/F1.h" />
		<Unit filename="include/GWOApplication.h">
			<Option target="&lt;{~None~}&gt;" />
		</Unit>
		<Unit filename="include/ManageBlock.h" />
		<Unit filename="include/ManageMatrix.h" />
		<Unit filename="include/NDHA.h" />
		<Unit filename="include/ObjectiveFunction.h" />
		<Unit filename="include/OneMove.h" />
		<Unit filename="include/Swap.h" />
		<Unit filename="main.cpp" />
		<Unit filename="src/F1.cpp" />
		<Unit filename="src/GWOApplication.cpp" />
		<Unit filename="src/ManageBlock.cpp" />
		<Unit filename="src/ManageMatrix.cpp" />
		<Unit filename="src/NDHA.cpp" />
		<Unit filename="src/ObjectiveFunction.cpp" />
		<Unit filename="src/OneMove.cpp" />
		<Unit filename="src/Swap.cpp" />
		<Extensions>
			<lib_finder disable_auto="1" />
		</Extensions>
	</Project>
</CodeBlocks_project_file>
